
Microsoft Visual Studio Solution File, Format Version 12.00
# Visual Studio 15
Project("{FAE04EC0-301F-11D3-BF4B-00C04F79EFBC}") = "demo-grpc", "demo-grpc\demo-grpc.csproj", "{BDEB7A85-FBF3-4F12-AC34-4D59B0AE58A4}"
EndProject
Global
	GlobalSection(SolutionConfigurationPlatforms) = preSolution
		Debug|Any CPU = Debug|Any CPU
		Release|Any CPU = Release|Any CPU
	EndGlobalSection
	GlobalSection(ProjectConfigurationPlatforms) = postSolution
		{BDEB7A85-FBF3-4F12-AC34-4D59B0AE58A4}.Debug|Any CPU.ActiveCfg = Debug|Any CPU
		{BDEB7A85-FBF3-4F12-AC34-4D59B0AE58A4}.Debug|Any CPU.Build.0 = Debug|Any CPU
		{BDEB7A85-FBF3-4F12-AC34-4D59B0AE58A4}.Release|Any CPU.ActiveCfg = Release|Any CPU
		{BDEB7A85-FBF3-4F12-AC34-4D59B0AE58A4}.Release|Any CPU.Build.0 = Release|Any CPU
	EndGlobalSection
EndGlobal
